
Microsoft Visual Studio Solution File, Format Version 12.00
# Visual Studio 15
VisualStudioVersion = 15.0.27428.2027
MinimumVisualStudioVersion = 10.0.40219.1
Project("{F184B08F-C81C-45F6-A57F-5ABD9991F28F}") = "Estructuras_Control_Flujo", "Estructuras_Control_Flujo\Estructuras_Control_Flujo.vbproj", "{149E6973-EBD9-4016-BF2C-9581B7C4F597}"
EndProject
Global
	GlobalSection(SolutionConfigurationPlatforms) = preSolution
		Debug|Any CPU = Debug|Any CPU
		Release|Any CPU = Release|Any CPU
	EndGlobalSection
	GlobalSection(ProjectConfigurationPlatforms) = postSolution
		{149E6973-EBD9-4016-BF2C-9581B7C4F597}.Debug|Any CPU.ActiveCfg = Debug|Any CPU
		{149E6973-EBD9-4016-BF2C-9581B7C4F597}.Debug|Any CPU.Build.0 = Debug|Any CPU
		{149E6973-EBD9-4016-BF2C-9581B7C4F597}.Release|Any CPU.ActiveCfg = Release|Any CPU
		{149E6973-EBD9-4016-BF2C-9581B7C4F597}.Release|Any CPU.Build.0 = Release|Any CPU
	EndGlobalSection
	GlobalSection(SolutionProperties) = preSolution
		HideSolutionNode = FALSE
	EndGlobalSection
	GlobalSection(ExtensibilityGlobals) = postSolution
		SolutionGuid = {47F5B50D-8EBF-424F-ABC0-62EBE230BD95}
	EndGlobalSection
EndGlobal
